
Microsoft Visual Studio Solution File, Format Version 12.00
# Visual Studio Version 17
VisualStudioVersion = 17.1.31903.286
MinimumVisualStudioVersion = 10.0.40219.1
Project("{9A19103F-16F7-4668-BE54-9A1E7A4F7556}") = "PlexCleaner", "PlexCleaner\PlexCleaner.csproj", "{1A686E6C-DD3F-4D71-A5F1-DCEE8F872A2F}"
EndProject
Project("{2150E333-8FDC-42A3-9474-1A3956D46DE8}") = "Solution Items", "Solution Items", "{D8F3D73D-A71B-4B79-982F-8491CCFB893A}"
	ProjectSection(SolutionItems) = preProject
		.dockerignore = .dockerignore
		.editorconfig = .editorconfig
		.gitattributes = .gitattributes
		.gitignore = .gitignore
		HISTORY.md = HISTORY.md
		LICENSE = LICENSE
		PlexCleaner.defaults.json = PlexCleaner.defaults.json
		PlexCleaner.schema.json = PlexCleaner.schema.json
		README.md = README.md
		version.json = version.json
	EndProjectSection
EndProject
Project("{2150E333-8FDC-42A3-9474-1A3956D46DE8}") = "Docker", "Docker", "{C560F57F-962E-4C71-8F27-939D06813302}"
	ProjectSection(SolutionItems) = preProject
		Docker\Alpine.Edge.Dockerfile = Docker\Alpine.Edge.Dockerfile
		Docker\Alpine.Latest.Dockerfile = Docker\Alpine.Latest.Dockerfile
		Docker\Build.sh = Docker\Build.sh
		Docker\Debian.Stable.Dockerfile = Docker\Debian.Stable.Dockerfile
		Docker\Debian.Testing.Dockerfile = Docker\Debian.Testing.Dockerfile
		Docker\DebugTools.sh = Docker\DebugTools.sh
		Docker\README.m4 = Docker\README.m4
		Docker\Test.sh = Docker\Test.sh
		Docker\Ubuntu.Devel.Dockerfile = Docker\Ubuntu.Devel.Dockerfile
		Docker\Ubuntu.Rolling.Dockerfile = Docker\Ubuntu.Rolling.Dockerfile
		Docker\UnitTest.sh = Docker\UnitTest.sh
		Docker\Version.sh = Docker\Version.sh
	EndProjectSection
EndProject
Project("{2150E333-8FDC-42A3-9474-1A3956D46DE8}") = "Actions", "Actions", "{CA5B5CC1-86DF-46DB-8AEB-12CDE10FB785}"
	ProjectSection(SolutionItems) = preProject
		.github\workflows\BuildDockerPush.yml = .github\workflows\BuildDockerPush.yml
		.github\workflows\BuildGitHubRelease.yml = .github\workflows\BuildGitHubRelease.yml
		.github\dependabot.yml = .github\dependabot.yml
		.github\workflows\DependabotAutoMerge.yml = .github\workflows\DependabotAutoMerge.yml
	EndProjectSection
EndProject
Project("{9A19103F-16F7-4668-BE54-9A1E7A4F7556}") = "PlexCleanerTests", "PlexCleanerTests\PlexCleanerTests.csproj", "{D6124D3D-CC4F-448F-BF57-C1D7E2FAC226}"
EndProject
Project("{9A19103F-16F7-4668-BE54-9A1E7A4F7556}") = "Sandbox", "Sandbox\Sandbox.csproj", "{134B6EC9-E20F-4CDA-B079-755BEC15E8C5}"
EndProject
Project("{2150E333-8FDC-42A3-9474-1A3956D46DE8}") = "Issues", "Issues", "{03A7B3AB-49DA-481B-AF3D-CF3D16BBFD0E}"
	ProjectSection(SolutionItems) = preProject
		.github\ISSUE_TEMPLATE\bug_report.yml = .github\ISSUE_TEMPLATE\bug_report.yml
		.github\ISSUE_TEMPLATE\config.yml = .github\ISSUE_TEMPLATE\config.yml
	EndProjectSection
EndProject
Global
	GlobalSection(SolutionConfigurationPlatforms) = preSolution
		Debug|Any CPU = Debug|Any CPU
		Release|Any CPU = Release|Any CPU
	EndGlobalSection
	GlobalSection(ProjectConfigurationPlatforms) = postSolution
		{1A686E6C-DD3F-4D71-A5F1-DCEE8F872A2F}.Debug|Any CPU.ActiveCfg = Debug|Any CPU
		{1A686E6C-DD3F-4D71-A5F1-DCEE8F872A2F}.Debug|Any CPU.Build.0 = Debug|Any CPU
		{1A686E6C-DD3F-4D71-A5F1-DCEE8F872A2F}.Release|Any CPU.ActiveCfg = Release|Any CPU
		{1A686E6C-DD3F-4D71-A5F1-DCEE8F872A2F}.Release|Any CPU.Build.0 = Release|Any CPU
		{D6124D3D-CC4F-448F-BF57-C1D7E2FAC226}.Debug|Any CPU.ActiveCfg = Debug|Any CPU
		{D6124D3D-CC4F-448F-BF57-C1D7E2FAC226}.Debug|Any CPU.Build.0 = Debug|Any CPU
		{D6124D3D-CC4F-448F-BF57-C1D7E2FAC226}.Release|Any CPU.ActiveCfg = Release|Any CPU
		{D6124D3D-CC4F-448F-BF57-C1D7E2FAC226}.Release|Any CPU.Build.0 = Release|Any CPU
		{134B6EC9-E20F-4CDA-B079-755BEC15E8C5}.Debug|Any CPU.ActiveCfg = Debug|Any CPU
		{134B6EC9-E20F-4CDA-B079-755BEC15E8C5}.Debug|Any CPU.Build.0 = Debug|Any CPU
		{134B6EC9-E20F-4CDA-B079-755BEC15E8C5}.Release|Any CPU.ActiveCfg = Release|Any CPU
		{134B6EC9-E20F-4CDA-B079-755BEC15E8C5}.Release|Any CPU.Build.0 = Release|Any CPU
	EndGlobalSection
	GlobalSection(SolutionProperties) = preSolution
		HideSolutionNode = FALSE
	EndGlobalSection
	GlobalSection(NestedProjects) = preSolution
		{C560F57F-962E-4C71-8F27-939D06813302} = {D8F3D73D-A71B-4B79-982F-8491CCFB893A}
		{CA5B5CC1-86DF-46DB-8AEB-12CDE10FB785} = {D8F3D73D-A71B-4B79-982F-8491CCFB893A}
		{03A7B3AB-49DA-481B-AF3D-CF3D16BBFD0E} = {D8F3D73D-A71B-4B79-982F-8491CCFB893A}
	EndGlobalSection
	GlobalSection(ExtensibilityGlobals) = postSolution
		SolutionGuid = {A127C929-B096-4BFD-8BAD-56A3860AEB94}
	EndGlobalSection
EndGlobal
